
Microsoft Visual Studio Solution File, Format Version 12.00
# Visual Studio 2013
VisualStudioVersion = 12.0.31101.0
MinimumVisualStudioVersion = 10.0.40219.1
Project("{FAE04EC0-301F-11D3-BF4B-00C04F79EFBC}") = "SoapMarket", "SoapMarket\SoapMarket.csproj", "{231254CA-BDA8-47AC-94C4-03E91A48360A}"
EndProject
Project("{FAE04EC0-301F-11D3-BF4B-00C04F79EFBC}") = "SoapMarket.Tests", "SoapMarket.Tests\SoapMarket.Tests.csproj", "{81021CA4-7B9F-49F6-B5AB-CE0D1312C5D7}"
EndProject
Global
	GlobalSection(SolutionConfigurationPlatforms) = preSolution
		Debug|Any CPU = Debug|Any CPU
		Release|Any CPU = Release|Any CPU
	EndGlobalSection
	GlobalSection(ProjectConfigurationPlatforms) = postSolution
		{231254CA-BDA8-47AC-94C4-03E91A48360A}.Debug|Any CPU.ActiveCfg = Debug|Any CPU
		{231254CA-BDA8-47AC-94C4-03E91A48360A}.Debug|Any CPU.Build.0 = Debug|Any CPU
		{231254CA-BDA8-47AC-94C4-03E91A48360A}.Release|Any CPU.ActiveCfg = Release|Any CPU
		{231254CA-BDA8-47AC-94C4-03E91A48360A}.Release|Any CPU.Build.0 = Release|Any CPU
		{81021CA4-7B9F-49F6-B5AB-CE0D1312C5D7}.Debug|Any CPU.ActiveCfg = Debug|Any CPU
		{81021CA4-7B9F-49F6-B5AB-CE0D1312C5D7}.Debug|Any CPU.Build.0 = Debug|Any CPU
		{81021CA4-7B9F-49F6-B5AB-CE0D1312C5D7}.Release|Any CPU.ActiveCfg = Release|Any CPU
		{81021CA4-7B9F-49F6-B5AB-CE0D1312C5D7}.Release|Any CPU.Build.0 = Release|Any CPU
	EndGlobalSection
	GlobalSection(SolutionProperties) = preSolution
		HideSolutionNode = FALSE
	EndGlobalSection
EndGlobal
